// !$*UTF8*$!
{
	archiveVersion = 1;
	classes = {
	};
	objectVersion = 46;
	objects = {

/* Begin PBXBuildFile section */
		6107F7E31C6E6F37008AA976 /* CNContactStore+CSFetch.m in Sources */ = {isa = PBXBuildFile; fileRef = 6107F7E21C6E6F37008AA976 /* CNContactStore+CSFetch.m */; };
		611232511C761EFA00C16084 /* ContactStore.m in Sources */ = {isa = PBXBuildFile; fileRef = 611232501C761EFA00C16084 /* ContactStore.m */; };
		611232691C7644BA00C16084 /* ReactiveCocoa.framework in Frameworks */ = {isa = PBXBuildFile; fileRef = 611232671C7644BA00C16084 /* ReactiveCocoa.framework */; };
		6112326A1C7644BA00C16084 /* ReactiveCocoa.framework in Embed Frameworks */ = {isa = PBXBuildFile; fileRef = 611232671C7644BA00C16084 /* ReactiveCocoa.framework */; settings = {ATTRIBUTES = (CodeSignOnCopy, RemoveHeadersOnCopy, ); }; };
		6112326B1C7644BA00C16084 /* Result.framework in Frameworks */ = {isa = PBXBuildFile; fileRef = 611232681C7644BA00C16084 /* Result.framework */; };
		6112326C1C7644BA00C16084 /* Result.framework in Embed Frameworks */ = {isa = PBXBuildFile; fileRef = 611232681C7644BA00C16084 /* Result.framework */; settings = {ATTRIBUTES = (CodeSignOnCopy, RemoveHeadersOnCopy, ); }; };
		612DED9F1C74D4A700648F23 /* ContactTableViewModel.m in Sources */ = {isa = PBXBuildFile; fileRef = 612DED9E1C74D4A700648F23 /* ContactTableViewModel.m */; };
		615B5C8A1C6E24F400ADC5D2 /* main.m in Sources */ = {isa = PBXBuildFile; fileRef = 615B5C891C6E24F400ADC5D2 /* main.m */; };
		615B5C8D1C6E24F400ADC5D2 /* AppDelegate.m in Sources */ = {isa = PBXBuildFile; fileRef = 615B5C8C1C6E24F400ADC5D2 /* AppDelegate.m */; };
		615B5C931C6E24F400ADC5D2 /* Main.storyboard in Resources */ = {isa = PBXBuildFile; fileRef = 615B5C911C6E24F400ADC5D2 /* Main.storyboard */; };
		615B5C951C6E24F400ADC5D2 /* Assets.xcassets in Resources */ = {isa = PBXBuildFile; fileRef = 615B5C941C6E24F400ADC5D2 /* Assets.xcassets */; };
		615B5C981C6E24F400ADC5D2 /* LaunchScreen.storyboard in Resources */ = {isa = PBXBuildFile; fileRef = 615B5C961C6E24F400ADC5D2 /* LaunchScreen.storyboard */; };
		615B5CA11C6E26A200ADC5D2 /* ContactModel.m in Sources */ = {isa = PBXBuildFile; fileRef = 615B5CA01C6E26A200ADC5D2 /* ContactModel.m */; };
		615B5CB01C6E3E3F00ADC5D2 /* ContactListView.m in Sources */ = {isa = PBXBuildFile; fileRef = 615B5CAF1C6E3E3F00ADC5D2 /* ContactListView.m */; };
		615B5CB31C6E474C00ADC5D2 /* ContactView.m in Sources */ = {isa = PBXBuildFile; fileRef = 615B5CB21C6E474C00ADC5D2 /* ContactView.m */; };
		61D6039B1C739DED00C5F4C6 /* Media.xcassets in Resources */ = {isa = PBXBuildFile; fileRef = 61D6039A1C739DED00C5F4C6 /* Media.xcassets */; };
		61F2E3821C74F577004FF5FF /* PhoneBookAddress.m in Sources */ = {isa = PBXBuildFile; fileRef = 61F2E3811C74F577004FF5FF /* PhoneBookAddress.m */; };
/* End PBXBuildFile section */

/* Begin PBXCopyFilesBuildPhase section */
		611232661C76423C00C16084 /* Embed Frameworks */ = {
			isa = PBXCopyFilesBuildPhase;
			buildActionMask = 2147483647;
			dstPath = "";
			dstSubfolderSpec = 10;
			files = (
				6112326A1C7644BA00C16084 /* ReactiveCocoa.framework in Embed Frameworks */,
				6112326C1C7644BA00C16084 /* Result.framework in Embed Frameworks */,
			);
			name = "Embed Frameworks";
			runOnlyForDeploymentPostprocessing = 0;
		};
/* End PBXCopyFilesBuildPhase section */

/* Begin PBXFileReference section */
		6107F7E11C6E6F37008AA976 /* CNContactStore+CSFetch.h */ = {isa = PBXFileReference; fileEncoding = 4; lastKnownFileType = sourcecode.c.h; path = "CNContactStore+CSFetch.h"; sourceTree = "<group>"; };
		6107F7E21C6E6F37008AA976 /* CNContactStore+CSFetch.m */ = {isa = PBXFileReference; fileEncoding = 4; lastKnownFileType = sourcecode.c.objc; path = "CNContactStore+CSFetch.m"; sourceTree = "<group>"; };
		6112324F1C761EFA00C16084 /* ContactStore.h */ = {isa = PBXFileReference; fileEncoding = 4; lastKnownFileType = sourcecode.c.h; path = ContactStore.h; sourceTree = "<group>"; };
		611232501C761EFA00C16084 /* ContactStore.m */ = {isa = PBXFileReference; fileEncoding = 4; lastKnownFileType = sourcecode.c.objc; path = ContactStore.m; sourceTree = "<group>"; };
		611232671C7644BA00C16084 /* ReactiveCocoa.framework */ = {isa = PBXFileReference; lastKnownFileType = wrapper.framework; name = ReactiveCocoa.framework; path = test/Frameworks/ReactiveCocoa.framework; sourceTree = "<group>"; };
		611232681C7644BA00C16084 /* Result.framework */ = {isa = PBXFileReference; lastKnownFileType = wrapper.framework; name = Result.framework; path = test/Frameworks/Result.framework; sourceTree = "<group>"; };
		612DED9D1C74D4A700648F23 /* ContactTableViewModel.h */ = {isa = PBXFileReference; fileEncoding = 4; lastKnownFileType = sourcecode.c.h; path = ContactTableViewModel.h; sourceTree = "<group>"; };
		612DED9E1C74D4A700648F23 /* ContactTableViewModel.m */ = {isa = PBXFileReference; fileEncoding = 4; lastKnownFileType = sourcecode.c.objc; path = ContactTableViewModel.m; sourceTree = "<group>"; };
		615B5C851C6E24F400ADC5D2 /* test.app */ = {isa = PBXFileReference; explicitFileType = wrapper.application; includeInIndex = 0; path = test.app; sourceTree = BUILT_PRODUCTS_DIR; };
		615B5C891C6E24F400ADC5D2 /* main.m */ = {isa = PBXFileReference; lastKnownFileType = sourcecode.c.objc; path = main.m; sourceTree = "<group>"; };
		615B5C8B1C6E24F400ADC5D2 /* AppDelegate.h */ = {isa = PBXFileReference; lastKnownFileType = sourcecode.c.h; path = AppDelegate.h; sourceTree = "<group>"; };
		615B5C8C1C6E24F400ADC5D2 /* AppDelegate.m */ = {isa = PBXFileReference; lastKnownFileType = sourcecode.c.objc; path = AppDelegate.m; sourceTree = "<group>"; };
		615B5C921C6E24F400ADC5D2 /* Base */ = {isa = PBXFileReference; lastKnownFileType = file.storyboard; name = Base; path = Base.lproj/Main.storyboard; sourceTree = "<group>"; };
		615B5C941C6E24F400ADC5D2 /* Assets.xcassets */ = {isa = PBXFileReference; lastKnownFileType = folder.assetcatalog; path = Assets.xcassets; sourceTree = "<group>"; };
		615B5C971C6E24F400ADC5D2 /* Base */ = {isa = PBXFileReference; lastKnownFileType = file.storyboard; name = Base; path = Base.lproj/LaunchScreen.storyboard; sourceTree = "<group>"; };
		615B5C991C6E24F400ADC5D2 /* Info.plist */ = {isa = PBXFileReference; lastKnownFileType = text.plist.xml; path = Info.plist; sourceTree = "<group>"; };
		615B5C9F1C6E26A200ADC5D2 /* ContactModel.h */ = {isa = PBXFileReference; fileEncoding = 4; lastKnownFileType = sourcecode.c.h; path = ContactModel.h; sourceTree = "<group>"; };
		615B5CA01C6E26A200ADC5D2 /* ContactModel.m */ = {isa = PBXFileReference; fileEncoding = 4; lastKnownFileType = sourcecode.c.objc; path = ContactModel.m; sourceTree = "<group>"; };
		615B5CAE1C6E3E3F00ADC5D2 /* ContactListView.h */ = {isa = PBXFileReference; fileEncoding = 4; lastKnownFileType = sourcecode.c.h; path = ContactListView.h; sourceTree = "<group>"; };
		615B5CAF1C6E3E3F00ADC5D2 /* ContactListView.m */ = {isa = PBXFileReference; fileEncoding = 4; lastKnownFileType = sourcecode.c.objc; path = ContactListView.m; sourceTree = "<group>"; };
		615B5CB11C6E474C00ADC5D2 /* ContactView.h */ = {isa = PBXFileReference; fileEncoding = 4; lastKnownFileType = sourcecode.c.h; name = ContactView.h; path = ../ContactView.h; sourceTree = "<group>"; };
		615B5CB21C6E474C00ADC5D2 /* ContactView.m */ = {isa = PBXFileReference; fileEncoding = 4; lastKnownFileType = sourcecode.c.objc; name = ContactView.m; path = ../ContactView.m; sourceTree = "<group>"; };
		61D6039A1C739DED00C5F4C6 /* Media.xcassets */ = {isa = PBXFileReference; lastKnownFileType = folder.assetcatalog; path = Media.xcassets; sourceTree = "<group>"; };
		61F2E3801C74F577004FF5FF /* PhoneBookAddress.h */ = {isa = PBXFileReference; fileEncoding = 4; lastKnownFileType = sourcecode.c.h; path = PhoneBookAddress.h; sourceTree = "<group>"; };
		61F2E3811C74F577004FF5FF /* PhoneBookAddress.m */ = {isa = PBXFileReference; fileEncoding = 4; lastKnownFileType = sourcecode.c.objc; path = PhoneBookAddress.m; sourceTree = "<group>"; };
/* End PBXFileReference section */

/* Begin PBXFrameworksBuildPhase section */
		615B5C821C6E24F400ADC5D2 /* Frameworks */ = {
			isa = PBXFrameworksBuildPhase;
			buildActionMask = 2147483647;
			files = (
				611232691C7644BA00C16084 /* ReactiveCocoa.framework in Frameworks */,
				6112326B1C7644BA00C16084 /* Result.framework in Frameworks */,
			);
			runOnlyForDeploymentPostprocessing = 0;
		};
/* End PBXFrameworksBuildPhase section */

/* Begin PBXGroup section */
		611232521C7625A300C16084 /* Extensions */ = {
			isa = PBXGroup;
			children = (
				6107F7E11C6E6F37008AA976 /* CNContactStore+CSFetch.h */,
				6107F7E21C6E6F37008AA976 /* CNContactStore+CSFetch.m */,
			);
			name = Extensions;
			sourceTree = "<group>";
		};
		612DEDA01C74D4AE00648F23 /* View Model */ = {
			isa = PBXGroup;
			children = (
				612DED9D1C74D4A700648F23 /* ContactTableViewModel.h */,
				612DED9E1C74D4A700648F23 /* ContactTableViewModel.m */,
			);
			name = "View Model";
			sourceTree = "<group>";
		};
		615B5C7C1C6E24F400ADC5D2 = {
			isa = PBXGroup;
			children = (
				611232671C7644BA00C16084 /* ReactiveCocoa.framework */,
				611232681C7644BA00C16084 /* Result.framework */,
				615B5C871C6E24F400ADC5D2 /* test */,
				615B5C861C6E24F400ADC5D2 /* Products */,
			);
			sourceTree = "<group>";
		};
		615B5C861C6E24F400ADC5D2 /* Products */ = {
			isa = PBXGroup;
			children = (
				615B5C851C6E24F400ADC5D2 /* test.app */,
			);
			name = Products;
			sourceTree = "<group>";
		};
		615B5C871C6E24F400ADC5D2 /* test */ = {
			isa = PBXGroup;
			children = (
				61D6039A1C739DED00C5F4C6 /* Media.xcassets */,
				615B5C8B1C6E24F400ADC5D2 /* AppDelegate.h */,
				615B5C8C1C6E24F400ADC5D2 /* AppDelegate.m */,
				611232521C7625A300C16084 /* Extensions */,
				615B5CA61C6E294600ADC5D2 /* Services */,
				615B5CAD1C6E3D3C00ADC5D2 /* View */,
				612DEDA01C74D4AE00648F23 /* View Model */,
				615B5CA21C6E282100ADC5D2 /* Model */,
				615B5C911C6E24F400ADC5D2 /* Main.storyboard */,
				615B5C941C6E24F400ADC5D2 /* Assets.xcassets */,
				615B5C961C6E24F400ADC5D2 /* LaunchScreen.storyboard */,
				615B5C991C6E24F400ADC5D2 /* Info.plist */,
				615B5C881C6E24F400ADC5D2 /* Supporting Files */,
			);
			path = test;
			sourceTree = "<group>";
		};
		615B5C881C6E24F400ADC5D2 /* Supporting Files */ = {
			isa = PBXGroup;
			children = (
				615B5C891C6E24F400ADC5D2 /* main.m */,
			);
			name = "Supporting Files";
			sourceTree = "<group>";
		};
		615B5CA21C6E282100ADC5D2 /* Model */ = {
			isa = PBXGroup;
			children = (
				615B5C9F1C6E26A200ADC5D2 /* ContactModel.h */,
				615B5CA01C6E26A200ADC5D2 /* ContactModel.m */,
			);
			name = Model;
			sourceTree = "<group>";
		};
		615B5CA61C6E294600ADC5D2 /* Services */ = {
			isa = PBXGroup;
			children = (
				61F2E3801C74F577004FF5FF /* PhoneBookAddress.h */,
				61F2E3811C74F577004FF5FF /* PhoneBookAddress.m */,
				6112324F1C761EFA00C16084 /* ContactStore.h */,
				611232501C761EFA00C16084 /* ContactStore.m */,
			);
			name = Services;
			sourceTree = "<group>";
		};
		615B5CAD1C6E3D3C00ADC5D2 /* View */ = {
			isa = PBXGroup;
			children = (
				615B5CB11C6E474C00ADC5D2 /* ContactView.h */,
				615B5CB21C6E474C00ADC5D2 /* ContactView.m */,
				615B5CAE1C6E3E3F00ADC5D2 /* ContactListView.h */,
				615B5CAF1C6E3E3F00ADC5D2 /* ContactListView.m */,
			);
			name = View;
			sourceTree = "<group>";
		};
/* End PBXGroup section */

/* Begin PBXNativeTarget section */
		615B5C841C6E24F400ADC5D2 /* test */ = {
			isa = PBXNativeTarget;
			buildConfigurationList = 615B5C9C1C6E24F400ADC5D2 /* Build configuration list for PBXNativeTarget "test" */;
			buildPhases = (
				615B5C811C6E24F400ADC5D2 /* Sources */,
				615B5C821C6E24F400ADC5D2 /* Frameworks */,
				615B5C831C6E24F400ADC5D2 /* Resources */,
				611232661C76423C00C16084 /* Embed Frameworks */,
				61F2E37B1C74DCE1004FF5FF /* Carthage */,
			);
			buildRules = (
			);
			dependencies = (
			);
			name = test;
			productName = test;
			productReference = 615B5C851C6E24F400ADC5D2 /* test.app */;
			productType = "com.apple.product-type.application";
		};
/* End PBXNativeTarget section */

/* Begin PBXProject section */
		615B5C7D1C6E24F400ADC5D2 /* Project object */ = {
			isa = PBXProject;
			attributes = {
				LastUpgradeCheck = 0720;
				ORGANIZATIONNAME = Dana;
				TargetAttributes = {
					615B5C841C6E24F400ADC5D2 = {
						CreatedOnToolsVersion = 7.2;
					};
				};
			};
			buildConfigurationList = 615B5C801C6E24F400ADC5D2 /* Build configuration list for PBXProject "test" */;
			compatibilityVersion = "Xcode 3.2";
			developmentRegion = English;
			hasScannedForEncodings = 0;
			knownRegions = (
				en,
				Base,
			);
			mainGroup = 615B5C7C1C6E24F400ADC5D2;
			productRefGroup = 615B5C861C6E24F400ADC5D2 /* Products */;
			projectDirPath = "";
			projectRoot = "";
			targets = (
				615B5C841C6E24F400ADC5D2 /* test */,
			);
		};
/* End PBXProject section */

/* Begin PBXResourcesBuildPhase section */
		615B5C831C6E24F400ADC5D2 /* Resources */ = {
			isa = PBXResourcesBuildPhase;
			buildActionMask = 2147483647;
			files = (
				615B5C981C6E24F400ADC5D2 /* LaunchScreen.storyboard in Resources */,
				615B5C951C6E24F400ADC5D2 /* Assets.xcassets in Resources */,
				61D6039B1C739DED00C5F4C6 /* Media.xcassets in Resources */,
				615B5C931C6E24F400ADC5D2 /* Main.storyboard in Resources */,
			);
			runOnlyForDeploymentPostprocessing = 0;
		};
/* End PBXResourcesBuildPhase section */

/* Begin PBXShellScriptBuildPhase section */
		61F2E37B1C74DCE1004FF5FF /* Carthage */ = {
			isa = PBXShellScriptBuildPhase;
			buildActionMask = 2147483647;
			files = (
			);
			inputPaths = (
				"$(SRCROOT)/Carthage/Build/iOS/ReactiveCocoa.framework",
				"$(SRCROOT)/Carthage/Build/iOS/Result.framework",
			);
			name = Carthage;
			outputPaths = (
			);
			runOnlyForDeploymentPostprocessing = 0;
			shellPath = /bin/sh;
			shellScript = "/usr/local/bin/carthage copy-frameworks";
		};
/* End PBXShellScriptBuildPhase section */

/* Begin PBXSourcesBuildPhase section */
		615B5C811C6E24F400ADC5D2 /* Sources */ = {
			isa = PBXSourcesBuildPhase;
			buildActionMask = 2147483647;
			files = (
				61F2E3821C74F577004FF5FF /* PhoneBookAddress.m in Sources */,
				615B5CA11C6E26A200ADC5D2 /* ContactModel.m in Sources */,
				615B5C8D1C6E24F400ADC5D2 /* AppDelegate.m in Sources */,
				6107F7E31C6E6F37008AA976 /* CNContactStore+CSFetch.m in Sources */,
				615B5CB01C6E3E3F00ADC5D2 /* ContactListView.m in Sources */,
				612DED9F1C74D4A700648F23 /* ContactTableViewModel.m in Sources */,
				615B5CB31C6E474C00ADC5D2 /* ContactView.m in Sources */,
				615B5C8A1C6E24F400ADC5D2 /* main.m in Sources */,
				611232511C761EFA00C16084 /* ContactStore.m in Sources */,
			);
			runOnlyForDeploymentPostprocessing = 0;
		};
/* End PBXSourcesBuildPhase section */

/* Begin PBXVariantGroup section */
		615B5C911C6E24F400ADC5D2 /* Main.storyboard */ = {
			isa = PBXVariantGroup;
			children = (
				615B5C921C6E24F400ADC5D2 /* Base */,
			);
			name = Main.storyboard;
			sourceTree = "<group>";
		};
		615B5C961C6E24F400ADC5D2 /* LaunchScreen.storyboard */ = {
			isa = PBXVariantGroup;
			children = (
				615B5C971C6E24F400ADC5D2 /* Base */,
			);
			name = LaunchScreen.storyboard;
			sourceTree = "<group>";
		};
/* End PBXVariantGroup section */

/* Begin XCBuildConfiguration section */
		615B5C9A1C6E24F400ADC5D2 /* Debug */ = {
			isa = XCBuildConfiguration;
			buildSettings = {
				ALWAYS_SEARCH_USER_PATHS = NO;
				CLANG_CXX_LANGUAGE_STANDARD = "gnu++0x";
				CLANG_CXX_LIBRARY = "libc++";
				CLANG_ENABLE_MODULES = YES;
				CLANG_ENABLE_OBJC_ARC = YES;
				CLANG_WARN_BOOL_CONVERSION = YES;
				CLANG_WARN_CONSTANT_CONVERSION = YES;
				CLANG_WARN_DIRECT_OBJC_ISA_USAGE = YES_ERROR;
				CLANG_WARN_EMPTY_BODY = YES;
				CLANG_WARN_ENUM_CONVERSION = YES;
				CLANG_WARN_INT_CONVERSION = YES;
				CLANG_WARN_OBJC_ROOT_CLASS = YES_ERROR;
				CLANG_WARN_UNREACHABLE_CODE = YES;
				CLANG_WARN__DUPLICATE_METHOD_MATCH = YES;
				CODE_SIGN_IDENTITY = "iPhone Developer";
				"CODE_SIGN_IDENTITY[sdk=iphoneos*]" = "iPhone Developer";
				COPY_PHASE_STRIP = NO;
				DEBUG_INFORMATION_FORMAT = dwarf;
				ENABLE_STRICT_OBJC_MSGSEND = YES;
				ENABLE_TESTABILITY = YES;
				GCC_C_LANGUAGE_STANDARD = gnu99;
				GCC_DYNAMIC_NO_PIC = NO;
				GCC_NO_COMMON_BLOCKS = YES;
				GCC_OPTIMIZATION_LEVEL = 0;
				GCC_PREPROCESSOR_DEFINITIONS = (
					"DEBUG=1",
					"$(inherited)",
				);
				GCC_WARN_64_TO_32_BIT_CONVERSION = YES;
				GCC_WARN_ABOUT_RETURN_TYPE = YES_ERROR;
				GCC_WARN_UNDECLARED_SELECTOR = YES;
				GCC_WARN_UNINITIALIZED_AUTOS = YES_AGGRESSIVE;
				GCC_WARN_UNUSED_FUNCTION = YES;
				GCC_WARN_UNUSED_VARIABLE = YES;
				IPHONEOS_DEPLOYMENT_TARGET = 9.2;
				MTL_ENABLE_DEBUG_INFO = YES;
				ONLY_ACTIVE_ARCH = YES;
				SDKROOT = iphoneos;
			};
			name = Debug;
		};
		615B5C9B1C6E24F400ADC5D2 /* Release */ = {
			isa = XCBuildConfiguration;
			buildSettings = {
				ALWAYS_SEARCH_USER_PATHS = NO;
				CLANG_CXX_LANGUAGE_STANDARD = "gnu++0x";
				CLANG_CXX_LIBRARY = "libc++";
				CLANG_ENABLE_MODULES = YES;
				CLANG_ENABLE_OBJC_ARC = YES;
				CLANG_WARN_BOOL_CONVERSION = YES;
				CLANG_WARN_CONSTANT_CONVERSION = YES;
				CLANG_WARN_DIRECT_OBJC_ISA_USAGE = YES_ERROR;
				CLANG_WARN_EMPTY_BODY = YES;
				CLANG_WARN_ENUM_CONVERSION = YES;
				CLANG_WARN_INT_CONVERSION = YES;
				CLANG_WARN_OBJC_ROOT_CLASS = YES_ERROR;
				CLANG_WARN_UNREACHABLE_CODE = YES;
				CLANG_WARN__DUPLICATE_METHOD_MATCH = YES;
				CODE_SIGN_IDENTITY = "iPhone Developer";
				"CODE_SIGN_IDENTITY[sdk=iphoneos*]" = "iPhone Developer";
				COPY_PHASE_STRIP = NO;
				DEBUG_INFORMATION_FORMAT = "dwarf-with-dsym";
				ENABLE_NS_ASSERTIONS = NO;
				ENABLE_STRICT_OBJC_MSGSEND = YES;
				GCC_C_LANGUAGE_STANDARD = gnu99;
				GCC_NO_COMMON_BLOCKS = YES;
				GCC_WARN_64_TO_32_BIT_CONVERSION = YES;
				GCC_WARN_ABOUT_RETURN_TYPE = YES_ERROR;
				GCC_WARN_UNDECLARED_SELECTOR = YES;
				GCC_WARN_UNINITIALIZED_AUTOS = YES_AGGRESSIVE;
				GCC_WARN_UNUSED_FUNCTION = YES;
				GCC_WARN_UNUSED_VARIABLE = YES;
				IPHONEOS_DEPLOYMENT_TARGET = 9.2;
				MTL_ENABLE_DEBUG_INFO = NO;
				SDKROOT = iphoneos;
				VALIDATE_PRODUCT = YES;
			};
			name = Release;
		};
		615B5C9D1C6E24F400ADC5D2 /* Debug */ = {
			isa = XCBuildConfiguration;
			buildSettings = {
				ASSETCATALOG_COMPILER_APPICON_NAME = AppIcon;
				CODE_SIGN_IDENTITY = "iPhone Developer";
				EMBEDDED_CONTENT_CONTAINS_SWIFT = YES;
				FRAMEWORK_SEARCH_PATHS = (
					"$(inherited)",
					"$(PROJECT_DIR)/test",
					"$(PROJECT_DIR)/Carthage/Build/iOS",
					"$(PROJECT_DIR)/test/Frameworks",
				);
				INFOPLIST_FILE = test/Info.plist;
				LD_RUNPATH_SEARCH_PATHS = "$(inherited) @executable_path/Frameworks";
				PRODUCT_BUNDLE_IDENTIFIER = dtilve.test;
				PRODUCT_NAME = "$(TARGET_NAME)";
			};
			name = Debug;
		};
		615B5C9E1C6E24F400ADC5D2 /* Release */ = {
			isa = XCBuildConfiguration;
			buildSettings = {
				ASSETCATALOG_COMPILER_APPICON_NAME = AppIcon;
				CODE_SIGN_IDENTITY = "iPhone Developer";
				EMBEDDED_CONTENT_CONTAINS_SWIFT = YES;
				FRAMEWORK_SEARCH_PATHS = (
					"$(inherited)",
					"$(PROJECT_DIR)/test",
					"$(PROJECT_DIR)/Carthage/Build/iOS",
					"$(PROJECT_DIR)/test/Frameworks",
				);
				INFOPLIST_FILE = test/Info.plist;
				LD_RUNPATH_SEARCH_PATHS = "$(inherited) @executable_path/Frameworks";
				PRODUCT_BUNDLE_IDENTIFIER = dtilve.test;
				PRODUCT_NAME = "$(TARGET_NAME)";
			};
			name = Release;
		};
/* End XCBuildConfiguration section */

/* Begin XCConfigurationList section */
		615B5C801C6E24F400ADC5D2 /* Build configuration list for PBXProject "test" */ = {
			isa = XCConfigurationList;
			buildConfigurations = (
				615B5C9A1C6E24F400ADC5D2 /* Debug */,
				615B5C9B1C6E24F400ADC5D2 /* Release */,
			);
			defaultConfigurationIsVisible = 0;
			defaultConfigurationName = Release;
		};
		615B5C9C1C6E24F400ADC5D2 /* Build configuration list for PBXNativeTarget "test" */ = {
			isa = XCConfigurationList;
			buildConfigurations = (
				615B5C9D1C6E24F400ADC5D2 /* Debug */,
				615B5C9E1C6E24F400ADC5D2 /* Release */,
			);
			defaultConfigurationIsVisible = 0;
			defaultConfigurationName = Release;
		};
/* End XCConfigurationList section */
	};
	rootObject = 615B5C7D1C6E24F400ADC5D2 /* Project object */;
}
